
Microsoft Visual Studio Solution File, Format Version 12.00
# Visual Studio Version 17
VisualStudioVersion = 17.14.36401.2 d17.14
MinimumVisualStudioVersion = 10.0.40219.1
Project("{FAE04EC0-301F-11D3-BF4B-00C04F79EFBC}") = "form_load1", "form_load1.csproj", "{5FB906A4-2FEB-4B1C-8AF8-716722B1D94F}"
EndProject
Global
	GlobalSection(SolutionConfigurationPlatforms) = preSolution
		Debug|Any CPU = Debug|Any CPU
		Release|Any CPU = Release|Any CPU
	EndGlobalSection
	GlobalSection(ProjectConfigurationPlatforms) = postSolution
		{5FB906A4-2FEB-4B1C-8AF8-716722B1D94F}.Debug|Any CPU.ActiveCfg = Debug|Any CPU
		{5FB906A4-2FEB-4B1C-8AF8-716722B1D94F}.Debug|Any CPU.Build.0 = Debug|Any CPU
		{5FB906A4-2FEB-4B1C-8AF8-716722B1D94F}.Release|Any CPU.ActiveCfg = Release|Any CPU
		{5FB906A4-2FEB-4B1C-8AF8-716722B1D94F}.Release|Any CPU.Build.0 = Release|Any CPU
	EndGlobalSection
	GlobalSection(SolutionProperties) = preSolution
		HideSolutionNode = FALSE
	EndGlobalSection
	GlobalSection(ExtensibilityGlobals) = postSolution
		SolutionGuid = {EBC3A8AB-A1FD-447D-9065-DB295F6FA5F4}
	EndGlobalSection
EndGlobal
